
Microsoft Visual Studio Solution File, Format Version 10.00
# Visual C++ Express 2008
Project("{8BC9CEB8-8B4A-11D0-8D11-00A0C91BC942}") = "PyTango", "PyTango.vcproj", "{764A5ECE-11AE-4363-9A1C-573972A1BADD}"
EndProject
Global
	GlobalSection(SolutionConfigurationPlatforms) = preSolution
		py2.6_bopy1.51.0_shared_release|Win32 = py2.6_bopy1.51.0_shared_release|Win32
		py2.6_bopy1.51.0_static_release|Win32 = py2.6_bopy1.51.0_static_release|Win32
		py2.7_bopy1.51.0_shared_release|Win32 = py2.7_bopy1.51.0_shared_release|Win32
		py2.7_bopy1.51.0_static_release|Win32 = py2.7_bopy1.51.0_static_release|Win32
		py3.1_bopy1.51.0_shared_release|Win32 = py3.1_bopy1.51.0_shared_release|Win32
		py3.1_bopy1.51.0_static_release|Win32 = py3.1_bopy1.51.0_static_release|Win32
		py3.2_bopy1.51.0_shared_release|Win32 = py3.2_bopy1.51.0_shared_release|Win32
		py3.2_bopy1.51.0_static_release|Win32 = py3.2_bopy1.51.0_static_release|Win32

	EndGlobalSection
	GlobalSection(ProjectConfigurationPlatforms) = postSolution
		{764A5ECE-11AE-4363-9A1C-573972A1BADD}.py2.6_bopy1.51.0_shared_release|Win32.ActiveCfg = py2.6_bopy1.51.0_shared_release|Win32
		{764A5ECE-11AE-4363-9A1C-573972A1BADD}.py2.6_bopy1.51.0_shared_release|Win32.Build.0 = py2.6_bopy1.51.0_shared_release|Win32
		{764A5ECE-11AE-4363-9A1C-573972A1BADD}.py2.6_bopy1.51.0_static_release|Win32.ActiveCfg = py2.6_bopy1.51.0_static_release|Win32
		{764A5ECE-11AE-4363-9A1C-573972A1BADD}.py2.6_bopy1.51.0_static_release|Win32.Build.0 = py2.6_bopy1.51.0_static_release|Win32

		{764A5ECE-11AE-4363-9A1C-573972A1BADD}.py2.7_bopy1.51.0_shared_release|Win32.ActiveCfg = py2.7_bopy1.51.0_shared_release|Win32
		{764A5ECE-11AE-4363-9A1C-573972A1BADD}.py2.7_bopy1.51.0_shared_release|Win32.Build.0 = py2.7_bopy1.51.0_shared_release|Win32
		{764A5ECE-11AE-4363-9A1C-573972A1BADD}.py2.7_bopy1.51.0_static_release|Win32.ActiveCfg = py2.7_bopy1.51.0_static_release|Win32
		{764A5ECE-11AE-4363-9A1C-573972A1BADD}.py2.7_bopy1.51.0_static_release|Win32.Build.0 = py2.7_bopy1.51.0_static_release|Win32

		{764A5ECE-11AE-4363-9A1C-573972A1BADD}.py3.1_bopy1.51.0_shared_release|Win32.ActiveCfg = py3.1_bopy1.51.0_shared_release|Win32
		{764A5ECE-11AE-4363-9A1C-573972A1BADD}.py3.1_bopy1.51.0_shared_release|Win32.Build.0 = py3.1_bopy1.51.0_shared_release|Win32
		{764A5ECE-11AE-4363-9A1C-573972A1BADD}.py3.1_bopy1.51.0_static_release|Win32.ActiveCfg = py3.1_bopy1.51.0_static_release|Win32
		{764A5ECE-11AE-4363-9A1C-573972A1BADD}.py3.1_bopy1.51.0_static_release|Win32.Build.0 = py3.1_bopy1.51.0_static_release|Win32

		{764A5ECE-11AE-4363-9A1C-573972A1BADD}.py3.2_bopy1.51.0_shared_release|Win32.ActiveCfg = py3.2_bopy1.51.0_shared_release|Win32
		{764A5ECE-11AE-4363-9A1C-573972A1BADD}.py3.2_bopy1.51.0_shared_release|Win32.Build.0 = py3.2_bopy1.51.0_shared_release|Win32
		{764A5ECE-11AE-4363-9A1C-573972A1BADD}.py3.2_bopy1.51.0_static_release|Win32.ActiveCfg = py3.2_bopy1.51.0_static_release|Win32
		{764A5ECE-11AE-4363-9A1C-573972A1BADD}.py3.2_bopy1.51.0_static_release|Win32.Build.0 = py3.2_bopy1.51.0_static_release|Win32

	EndGlobalSection
	GlobalSection(SolutionProperties) = preSolution
		HideSolutionNode = FALSE
	EndGlobalSection
EndGlobal
