
Microsoft Visual Studio Solution File, Format Version 11.00
# Visual Studio 2010
Project("{8BC9CEB8-8B4A-11D0-8D11-00A0C91BC942}") = "PyTango", "PyTango.vcxproj", "{764A5ECE-11AE-4363-9A1C-573972A1BADD}"
EndProject
Global
	GlobalSection(SolutionConfigurationPlatforms) = preSolution
		py33_bopyshared_tangoshared_release|Win32 = py33_bopyshared_tangoshared_release|Win32
		py33_bopyshared_tangoshared_release|x64 = py33_bopyshared_tangoshared_release|x64
		py33_bopystatic_tangoshared_release|Win32 = py33_bopystatic_tangoshared_release|Win32
		py33_bopystatic_tangoshared_release|x64 = py33_bopystatic_tangoshared_release|x64
		py33_bopystatic_tangostatic_release|Win32 = py33_bopystatic_tangostatic_release|Win32
		py33_bopystatic_tangostatic_release|x64 = py33_bopystatic_tangostatic_release|x64

		py33_bopyshared_tangoshared_debug|Win32 = py33_bopyshared_tangoshared_debug|Win32
		py33_bopyshared_tangoshared_debug|x64 = py33_bopyshared_tangoshared_debug|x64
		py33_bopystatic_tangoshared_debug|Win32 = py33_bopystatic_tangoshared_debug|Win32
		py33_bopystatic_tangoshared_debug|x64 = py33_bopystatic_tangoshared_debug|x64
		py33_bopystatic_tangostatic_debug|Win32 = py33_bopystatic_tangostatic_debug|Win32
		py33_bopystatic_tangostatic_debug|x64 = py33_bopystatic_tangostatic_debug|x64

		py34_bopyshared_tangoshared_release|Win32 = py34_bopyshared_tangoshared_release|Win32
		py34_bopyshared_tangoshared_release|x64 = py34_bopyshared_tangoshared_release|x64
		py34_bopystatic_tangoshared_release|Win32 = py34_bopystatic_tangoshared_release|Win32
		py34_bopystatic_tangoshared_release|x64 = py34_bopystatic_tangoshared_release|x64
		py34_bopystatic_tangostatic_release|Win32 = py34_bopystatic_tangostatic_release|Win32
		py34_bopystatic_tangostatic_release|x64 = py34_bopystatic_tangostatic_release|x64

		py34_bopyshared_tangoshared_debug|Win32 = py34_bopyshared_tangoshared_debug|Win32
		py34_bopyshared_tangoshared_debug|x64 = py34_bopyshared_tangoshared_debug|x64
		py34_bopystatic_tangoshared_debug|Win32 = py34_bopystatic_tangoshared_debug|Win32
		py34_bopystatic_tangoshared_debug|x64 = py34_bopystatic_tangoshared_debug|x64
		py34_bopystatic_tangostatic_debug|Win32 = py34_bopystatic_tangostatic_debug|Win32
		py34_bopystatic_tangostatic_debug|x64 = py34_bopystatic_tangostatic_debug|x64
	EndGlobalSection
	GlobalSection(ProjectConfigurationPlatforms) = postSolution
		{764A5ECE-11AE-4363-9A1C-573972A1BADD}.py33_bopyshared_tangoshared_release|Win32.ActiveCfg = py33_bopyshared_tangoshared_release|Win32
		{764A5ECE-11AE-4363-9A1C-573972A1BADD}.py33_bopyshared_tangoshared_release|Win32.Build.0 = py33_bopyshared_tangoshared_release|Win32
		{764A5ECE-11AE-4363-9A1C-573972A1BADD}.py33_bopyshared_tangoshared_release|x64.ActiveCfg = py33_bopyshared_tangoshared_release|x64
		{764A5ECE-11AE-4363-9A1C-573972A1BADD}.py33_bopyshared_tangoshared_release|x64.Build.0 = py33_bopyshared_tangoshared_release|x64
		{764A5ECE-11AE-4363-9A1C-573972A1BADD}.py33_bopystatic_tangoshared_release|Win32.ActiveCfg = py33_bopystatic_tangoshared_release|Win32
		{764A5ECE-11AE-4363-9A1C-573972A1BADD}.py33_bopystatic_tangoshared_release|Win32.Build.0 = py33_bopystatic_tangoshared_release|Win32
		{764A5ECE-11AE-4363-9A1C-573972A1BADD}.py33_bopystatic_tangoshared_release|x64.ActiveCfg = py33_bopystatic_tangoshared_release|x64
		{764A5ECE-11AE-4363-9A1C-573972A1BADD}.py33_bopystatic_tangoshared_release|x64.Build.0 = py33_bopystatic_tangoshared_release|x64
		{764A5ECE-11AE-4363-9A1C-573972A1BADD}.py33_bopystatic_tangostatic_release|Win32.ActiveCfg = py33_bopystatic_tangostatic_release|Win32
		{764A5ECE-11AE-4363-9A1C-573972A1BADD}.py33_bopystatic_tangostatic_release|Win32.Build.0 = py33_bopystatic_tangostatic_release|Win32
		{764A5ECE-11AE-4363-9A1C-573972A1BADD}.py33_bopystatic_tangostatic_release|x64.ActiveCfg = py33_bopystatic_tangostatic_release|x64
		{764A5ECE-11AE-4363-9A1C-573972A1BADD}.py33_bopystatic_tangostatic_release|x64.Build.0 = py33_bopystatic_tangostatic_release|x64

		{764A5ECE-11AE-4363-9A1C-573972A1BADD}.py33_bopyshared_tangoshared_debug|Win32.ActiveCfg = py33_bopyshared_tangoshared_debug|Win32
		{764A5ECE-11AE-4363-9A1C-573972A1BADD}.py33_bopyshared_tangoshared_debug|Win32.Build.0 = py33_bopyshared_tangoshared_debug|Win32
		{764A5ECE-11AE-4363-9A1C-573972A1BADD}.py33_bopyshared_tangoshared_debug|x64.ActiveCfg = py33_bopyshared_tangoshared_debug|x64
		{764A5ECE-11AE-4363-9A1C-573972A1BADD}.py33_bopyshared_tangoshared_debug|x64.Build.0 = py33_bopyshared_tangoshared_debug|x64
		{764A5ECE-11AE-4363-9A1C-573972A1BADD}.py33_bopystatic_tangoshared_debug|Win32.ActiveCfg = py33_bopystatic_tangoshared_debug|Win32
		{764A5ECE-11AE-4363-9A1C-573972A1BADD}.py33_bopystatic_tangoshared_debug|Win32.Build.0 = py33_bopystatic_tangoshared_debug|Win32
		{764A5ECE-11AE-4363-9A1C-573972A1BADD}.py33_bopystatic_tangoshared_debug|x64.ActiveCfg = py33_bopystatic_tangoshared_debug|x64
		{764A5ECE-11AE-4363-9A1C-573972A1BADD}.py33_bopystatic_tangoshared_debug|x64.Build.0 = py33_bopystatic_tangoshared_debug|x64
		{764A5ECE-11AE-4363-9A1C-573972A1BADD}.py33_bopystatic_tangostatic_debug|Win32.ActiveCfg = py33_bopystatic_tangostatic_debug|Win32
		{764A5ECE-11AE-4363-9A1C-573972A1BADD}.py33_bopystatic_tangostatic_debug|Win32.Build.0 = py33_bopystatic_tangostatic_debug|Win32
		{764A5ECE-11AE-4363-9A1C-573972A1BADD}.py33_bopystatic_tangostatic_debug|x64.ActiveCfg = py33_bopystatic_tangostatic_debug|x64
		{764A5ECE-11AE-4363-9A1C-573972A1BADD}.py33_bopystatic_tangostatic_debug|x64.Build.0 = py33_bopystatic_tangostatic_debug|x64

		{764A5ECE-11AE-4363-9A1C-573972A1BADD}.py34_bopyshared_tangoshared_release|Win32.ActiveCfg = py34_bopyshared_tangoshared_release|Win32
		{764A5ECE-11AE-4363-9A1C-573972A1BADD}.py34_bopyshared_tangoshared_release|Win32.Build.0 = py34_bopyshared_tangoshared_release|Win32
		{764A5ECE-11AE-4363-9A1C-573972A1BADD}.py34_bopyshared_tangoshared_release|x64.ActiveCfg = py34_bopyshared_tangoshared_release|x64
		{764A5ECE-11AE-4363-9A1C-573972A1BADD}.py34_bopyshared_tangoshared_release|x64.Build.0 = py34_bopyshared_tangoshared_release|x64
		{764A5ECE-11AE-4363-9A1C-573972A1BADD}.py34_bopystatic_tangoshared_release|Win32.ActiveCfg = py34_bopystatic_tangoshared_release|Win32
		{764A5ECE-11AE-4363-9A1C-573972A1BADD}.py34_bopystatic_tangoshared_release|Win32.Build.0 = py34_bopystatic_tangoshared_release|Win32
		{764A5ECE-11AE-4363-9A1C-573972A1BADD}.py34_bopystatic_tangoshared_release|x64.ActiveCfg = py34_bopystatic_tangoshared_release|x64
		{764A5ECE-11AE-4363-9A1C-573972A1BADD}.py34_bopystatic_tangoshared_release|x64.Build.0 = py34_bopystatic_tangoshared_release|x64
		{764A5ECE-11AE-4363-9A1C-573972A1BADD}.py34_bopystatic_tangostatic_release|Win32.ActiveCfg = py34_bopystatic_tangostatic_release|Win32
		{764A5ECE-11AE-4363-9A1C-573972A1BADD}.py34_bopystatic_tangostatic_release|Win32.Build.0 = py34_bopystatic_tangostatic_release|Win32
		{764A5ECE-11AE-4363-9A1C-573972A1BADD}.py34_bopystatic_tangostatic_release|x64.ActiveCfg = py34_bopystatic_tangostatic_release|x64
		{764A5ECE-11AE-4363-9A1C-573972A1BADD}.py34_bopystatic_tangostatic_release|x64.Build.0 = py34_bopystatic_tangostatic_release|x64

		{764A5ECE-11AE-4363-9A1C-573972A1BADD}.py34_bopyshared_tangoshared_debug|Win32.ActiveCfg = py34_bopyshared_tangoshared_debug|Win32
		{764A5ECE-11AE-4363-9A1C-573972A1BADD}.py34_bopyshared_tangoshared_debug|Win32.Build.0 = py34_bopyshared_tangoshared_debug|Win32
		{764A5ECE-11AE-4363-9A1C-573972A1BADD}.py34_bopyshared_tangoshared_debug|x64.ActiveCfg = py34_bopyshared_tangoshared_debug|x64
		{764A5ECE-11AE-4363-9A1C-573972A1BADD}.py34_bopyshared_tangoshared_debug|x64.Build.0 = py34_bopyshared_tangoshared_debug|x64
		{764A5ECE-11AE-4363-9A1C-573972A1BADD}.py34_bopystatic_tangoshared_debug|Win32.ActiveCfg = py34_bopystatic_tangoshared_debug|Win32
		{764A5ECE-11AE-4363-9A1C-573972A1BADD}.py34_bopystatic_tangoshared_debug|Win32.Build.0 = py34_bopystatic_tangoshared_debug|Win32
		{764A5ECE-11AE-4363-9A1C-573972A1BADD}.py34_bopystatic_tangoshared_debug|x64.ActiveCfg = py34_bopystatic_tangoshared_debug|x64
		{764A5ECE-11AE-4363-9A1C-573972A1BADD}.py34_bopystatic_tangoshared_debug|x64.Build.0 = py34_bopystatic_tangoshared_debug|x64
		{764A5ECE-11AE-4363-9A1C-573972A1BADD}.py34_bopystatic_tangostatic_debug|Win32.ActiveCfg = py34_bopystatic_tangostatic_debug|Win32
		{764A5ECE-11AE-4363-9A1C-573972A1BADD}.py34_bopystatic_tangostatic_debug|Win32.Build.0 = py34_bopystatic_tangostatic_debug|Win32
		{764A5ECE-11AE-4363-9A1C-573972A1BADD}.py34_bopystatic_tangostatic_debug|x64.ActiveCfg = py34_bopystatic_tangostatic_debug|x64
		{764A5ECE-11AE-4363-9A1C-573972A1BADD}.py34_bopystatic_tangostatic_debug|x64.Build.0 = py34_bopystatic_tangostatic_debug|x64

	EndGlobalSection
	GlobalSection(SolutionProperties) = preSolution
		HideSolutionNode = FALSE
	EndGlobalSection
EndGlobal
